
Microsoft Visual Studio Solution File, Format Version 12.00
# Visual Studio 15
VisualStudioVersion = 15.0.27004.2005
MinimumVisualStudioVersion = 10.0.40219.1
Project("{FAE04EC0-301F-11D3-BF4B-00C04F79EFBC}") = "1004-Produto Simples", "1004-Produto Simples\1004-Produto Simples.csproj", "{C5FFED4E-4EFF-45D9-A612-4B58E4EBDB68}"
EndProject
Global
	GlobalSection(SolutionConfigurationPlatforms) = preSolution
		Debug|Any CPU = Debug|Any CPU
		Release|Any CPU = Release|Any CPU
	EndGlobalSection
	GlobalSection(ProjectConfigurationPlatforms) = postSolution
		{C5FFED4E-4EFF-45D9-A612-4B58E4EBDB68}.Debug|Any CPU.ActiveCfg = Debug|Any CPU
		{C5FFED4E-4EFF-45D9-A612-4B58E4EBDB68}.Debug|Any CPU.Build.0 = Debug|Any CPU
		{C5FFED4E-4EFF-45D9-A612-4B58E4EBDB68}.Release|Any CPU.ActiveCfg = Release|Any CPU
		{C5FFED4E-4EFF-45D9-A612-4B58E4EBDB68}.Release|Any CPU.Build.0 = Release|Any CPU
	EndGlobalSection
	GlobalSection(SolutionProperties) = preSolution
		HideSolutionNode = FALSE
	EndGlobalSection
	GlobalSection(ExtensibilityGlobals) = postSolution
		SolutionGuid = {49238379-FBE0-4A28-A6F6-6B5DE070B8E1}
	EndGlobalSection
EndGlobal
